
Microsoft Visual Studio Solution File, Format Version 12.00
# Visual Studio Version 17
VisualStudioVersion = 17.6.33815.320
MinimumVisualStudioVersion = 10.0.40219.1
Project("{FAE04EC0-301F-11D3-BF4B-00C04F79EFBC}") = "TaskListManager", "TaskListManager\TaskListManager.csproj", "{71527CA1-B41B-439E-8E12-30F1CD41DC01}"
EndProject
Project("{FAE04EC0-301F-11D3-BF4B-00C04F79EFBC}") = "TaskListManager.AppService", "TaskListManager.AppService\TaskListManager.AppService.csproj", "{6F126E33-66F7-426E-96A3-0640DACB0707}"
EndProject
Project("{FAE04EC0-301F-11D3-BF4B-00C04F79EFBC}") = "TaskListManager.Domain", "TaskListManager.Domain\TaskListManager.Domain.csproj", "{874B2CCE-6E98-4723-9F1C-56B53B7E0299}"
EndProject
Project("{FAE04EC0-301F-11D3-BF4B-00C04F79EFBC}") = "TaskListManager.Shared", "TaskListManager.Shared\TaskListManager.Shared.csproj", "{099A31AA-26F2-40AC-A818-22A6E9A02472}"
EndProject
Global
	GlobalSection(SolutionConfigurationPlatforms) = preSolution
		Debug|Any CPU = Debug|Any CPU
		Release|Any CPU = Release|Any CPU
	EndGlobalSection
	GlobalSection(ProjectConfigurationPlatforms) = postSolution
		{71527CA1-B41B-439E-8E12-30F1CD41DC01}.Debug|Any CPU.ActiveCfg = Debug|Any CPU
		{71527CA1-B41B-439E-8E12-30F1CD41DC01}.Debug|Any CPU.Build.0 = Debug|Any CPU
		{71527CA1-B41B-439E-8E12-30F1CD41DC01}.Release|Any CPU.ActiveCfg = Release|Any CPU
		{71527CA1-B41B-439E-8E12-30F1CD41DC01}.Release|Any CPU.Build.0 = Release|Any CPU
		{6F126E33-66F7-426E-96A3-0640DACB0707}.Debug|Any CPU.ActiveCfg = Debug|Any CPU
		{6F126E33-66F7-426E-96A3-0640DACB0707}.Debug|Any CPU.Build.0 = Debug|Any CPU
		{6F126E33-66F7-426E-96A3-0640DACB0707}.Release|Any CPU.ActiveCfg = Release|Any CPU
		{6F126E33-66F7-426E-96A3-0640DACB0707}.Release|Any CPU.Build.0 = Release|Any CPU
		{874B2CCE-6E98-4723-9F1C-56B53B7E0299}.Debug|Any CPU.ActiveCfg = Debug|Any CPU
		{874B2CCE-6E98-4723-9F1C-56B53B7E0299}.Debug|Any CPU.Build.0 = Debug|Any CPU
		{874B2CCE-6E98-4723-9F1C-56B53B7E0299}.Release|Any CPU.ActiveCfg = Release|Any CPU
		{874B2CCE-6E98-4723-9F1C-56B53B7E0299}.Release|Any CPU.Build.0 = Release|Any CPU
		{099A31AA-26F2-40AC-A818-22A6E9A02472}.Debug|Any CPU.ActiveCfg = Debug|Any CPU
		{099A31AA-26F2-40AC-A818-22A6E9A02472}.Debug|Any CPU.Build.0 = Debug|Any CPU
		{099A31AA-26F2-40AC-A818-22A6E9A02472}.Release|Any CPU.ActiveCfg = Release|Any CPU
		{099A31AA-26F2-40AC-A818-22A6E9A02472}.Release|Any CPU.Build.0 = Release|Any CPU
	EndGlobalSection
	GlobalSection(SolutionProperties) = preSolution
		HideSolutionNode = FALSE
	EndGlobalSection
	GlobalSection(ExtensibilityGlobals) = postSolution
		SolutionGuid = {49C0D567-A6AD-44FA-97B0-6F7716D84D23}
	EndGlobalSection
EndGlobal
